# This file is automatically @generated by Poetry 1.8.2 and should not be changed by hand.

[[package]]
name = "plum-dispatch"
version = "1.7.4"
description = "Multiple dispatch in Python"
optional = false
python-versions = ">=3.7"
files = [
    {file = "plum-dispatch-1.7.4.tar.gz", hash = "sha256:1c1d15b2842b5fa98405fd3dff6fad4887bdc77b60bd200e209d76ebfe9990fe"},
    {file = "plum_dispatch-1.7.4-py3-none-any.whl", hash = "sha256:c40dbeab269bbbf972ce0dbc078380da19ebaee1a370a2c564e1814a11bde216"},
]

[[package]]
name = "random-password-generator"
version = "2.2.0"
description = "Simple and custom random password generator for python"
optional = false
python-versions = "*"
files = [
    {file = "random-password-generator-2.2.0.tar.gz", hash = "sha256:d8a8e2c0420fdd2c096bc7948f62701cb36761aea42e59c9a504d02f0e359d43"},
    {file = "random_password_generator-2.2.0-py3-none-any.whl", hash = "sha256:da9ce21a9b6a99dfda940596fe417a55470a2e0343fae56dea785f431780d8a9"},
]

[[package]]
name = "spire-xls"
version = "14.4.4"
description = "A 100% standalone Excel Python API for Processing Excel Files"
optional = false
python-versions = ">=3.7"
files = [
    {file = "Spire.Xls-14.4.4-py3-none-macosx_10_7_universal.whl", hash = "sha256:2aa882a705d0105990111f3dfd53e4f83e96504a41c76fbe92e9d9f811560df2"},
    {file = "Spire.Xls-14.4.4-py3-none-manylinux1_x86_64.whl", hash = "sha256:37380e67420e7434b9f6d8552132a5184a9acc27ee9aedbbae95d043a1e63591"},
    {file = "Spire.Xls-14.4.4-py3-none-win_amd64.whl", hash = "sha256:f17c34a6ba97c6bd53f348a0903235bb6b6fe62027c129db5c587186e7109d6c"},
]

[package.dependencies]
plum-dispatch = "1.7.4"

[metadata]
lock-version = "2.0"
python-versions = "^3.10"
content-hash = "25793a26833d5ee978a616249ab0b80682b4f0168019d3790346a8e8318557a1"
